
Microsoft Visual Studio Solution File, Format Version 12.00
# Visual Studio Version 16
VisualStudioVersion = 16.0.29905.134
MinimumVisualStudioVersion = 10.0.40219.1
Project("{FAE04EC0-301F-11D3-BF4B-00C04F79EFBC}") = "LoginForm", "LoginForm\LoginForm.csproj", "{CD826E92-0570-4F0C-A89F-BB4AD41E1BB9}"
EndProject
Global
	GlobalSection(SolutionConfigurationPlatforms) = preSolution
		Debug|Any CPU = Debug|Any CPU
		Release|Any CPU = Release|Any CPU
	EndGlobalSection
	GlobalSection(ProjectConfigurationPlatforms) = postSolution
		{CD826E92-0570-4F0C-A89F-BB4AD41E1BB9}.Debug|Any CPU.ActiveCfg = Debug|Any CPU
		{CD826E92-0570-4F0C-A89F-BB4AD41E1BB9}.Debug|Any CPU.Build.0 = Debug|Any CPU
		{CD826E92-0570-4F0C-A89F-BB4AD41E1BB9}.Release|Any CPU.ActiveCfg = Release|Any CPU
		{CD826E92-0570-4F0C-A89F-BB4AD41E1BB9}.Release|Any CPU.Build.0 = Release|Any CPU
	EndGlobalSection
	GlobalSection(SolutionProperties) = preSolution
		HideSolutionNode = FALSE
	EndGlobalSection
	GlobalSection(ExtensibilityGlobals) = postSolution
		SolutionGuid = {D924C851-E933-4900-BABA-EB029D84B168}
	EndGlobalSection
EndGlobal
